
Microsoft Visual Studio Solution File, Format Version 12.00
# Visual Studio Version 16
VisualStudioVersion = 16.0.31129.286
MinimumVisualStudioVersion = 10.0.40219.1
Project("{FAE04EC0-301F-11D3-BF4B-00C04F79EFBC}") = "BitirmeProV3", "BitirmeProV3\BitirmeProV3.csproj", "{8B442852-4F96-4B64-BD83-11448D27DA77}"
EndProject
Global
	GlobalSection(SolutionConfigurationPlatforms) = preSolution
		Debug|Any CPU = Debug|Any CPU
		Release|Any CPU = Release|Any CPU
	EndGlobalSection
	GlobalSection(ProjectConfigurationPlatforms) = postSolution
		{8B442852-4F96-4B64-BD83-11448D27DA77}.Debug|Any CPU.ActiveCfg = Debug|Any CPU
		{8B442852-4F96-4B64-BD83-11448D27DA77}.Debug|Any CPU.Build.0 = Debug|Any CPU
		{8B442852-4F96-4B64-BD83-11448D27DA77}.Release|Any CPU.ActiveCfg = Release|Any CPU
		{8B442852-4F96-4B64-BD83-11448D27DA77}.Release|Any CPU.Build.0 = Release|Any CPU
	EndGlobalSection
	GlobalSection(SolutionProperties) = preSolution
		HideSolutionNode = FALSE
	EndGlobalSection
	GlobalSection(ExtensibilityGlobals) = postSolution
		SolutionGuid = {A34297BF-38EF-44A7-8667-E5588A4401B3}
	EndGlobalSection
EndGlobal
